
Microsoft Visual Studio Solution File, Format Version 12.00
# Visual Studio Version 16
VisualStudioVersion = 16.0.31702.278
MinimumVisualStudioVersion = 10.0.40219.1
Project("{9A19103F-16F7-4668-BE54-9A1E7A4F7556}") = "CarShowRoom", "CarShowRoom.csproj", "{A0F33239-F2A2-4ED2-9B7D-7D152B340487}"
	ProjectSection(ProjectDependencies) = postProject
		{AA3EA64F-041D-42EE-9906-545628849D58} = {AA3EA64F-041D-42EE-9906-545628849D58}
		{DBB0A1CA-0678-42BE-AB29-3FE661ECE217} = {DBB0A1CA-0678-42BE-AB29-3FE661ECE217}
	EndProjectSection
EndProject
Project("{9A19103F-16F7-4668-BE54-9A1E7A4F7556}") = "CarShowRoom.Models", "..\CarShowRoom.Models.DTO\CarShowRoom.Models.csproj", "{DBB0A1CA-0678-42BE-AB29-3FE661ECE217}"
EndProject
Project("{9A19103F-16F7-4668-BE54-9A1E7A4F7556}") = "CarShowRoom.DL", "..\CarShowRoom.DL\CarShowRoom.DL.csproj", "{AA3EA64F-041D-42EE-9906-545628849D58}"
	ProjectSection(ProjectDependencies) = postProject
		{DBB0A1CA-0678-42BE-AB29-3FE661ECE217} = {DBB0A1CA-0678-42BE-AB29-3FE661ECE217}
	EndProjectSection
EndProject
Project("{9A19103F-16F7-4668-BE54-9A1E7A4F7556}") = "CarShowRoom.BL", "..\CarShowRoom.BL\CarShowRoom.BL.csproj", "{DC3D82D6-6C35-4813-8BA6-F636EC73EE89}"
EndProject
Project("{FAE04EC0-301F-11D3-BF4B-00C04F79EFBC}") = "CarShowRoom.Test", "..\CarShowRoom.Test\CarShowRoom.Test.csproj", "{149FE795-4915-417F-9990-40A20F341E10}"
EndProject
Global
	GlobalSection(SolutionConfigurationPlatforms) = preSolution
		Debug|Any CPU = Debug|Any CPU
		Release|Any CPU = Release|Any CPU
	EndGlobalSection
	GlobalSection(ProjectConfigurationPlatforms) = postSolution
		{A0F33239-F2A2-4ED2-9B7D-7D152B340487}.Debug|Any CPU.ActiveCfg = Debug|Any CPU
		{A0F33239-F2A2-4ED2-9B7D-7D152B340487}.Debug|Any CPU.Build.0 = Debug|Any CPU
		{A0F33239-F2A2-4ED2-9B7D-7D152B340487}.Release|Any CPU.ActiveCfg = Release|Any CPU
		{A0F33239-F2A2-4ED2-9B7D-7D152B340487}.Release|Any CPU.Build.0 = Release|Any CPU
		{DBB0A1CA-0678-42BE-AB29-3FE661ECE217}.Debug|Any CPU.ActiveCfg = Debug|Any CPU
		{DBB0A1CA-0678-42BE-AB29-3FE661ECE217}.Debug|Any CPU.Build.0 = Debug|Any CPU
		{DBB0A1CA-0678-42BE-AB29-3FE661ECE217}.Release|Any CPU.ActiveCfg = Release|Any CPU
		{DBB0A1CA-0678-42BE-AB29-3FE661ECE217}.Release|Any CPU.Build.0 = Release|Any CPU
		{AA3EA64F-041D-42EE-9906-545628849D58}.Debug|Any CPU.ActiveCfg = Debug|Any CPU
		{AA3EA64F-041D-42EE-9906-545628849D58}.Debug|Any CPU.Build.0 = Debug|Any CPU
		{AA3EA64F-041D-42EE-9906-545628849D58}.Release|Any CPU.ActiveCfg = Release|Any CPU
		{AA3EA64F-041D-42EE-9906-545628849D58}.Release|Any CPU.Build.0 = Release|Any CPU
		{DC3D82D6-6C35-4813-8BA6-F636EC73EE89}.Debug|Any CPU.ActiveCfg = Debug|Any CPU
		{DC3D82D6-6C35-4813-8BA6-F636EC73EE89}.Debug|Any CPU.Build.0 = Debug|Any CPU
		{DC3D82D6-6C35-4813-8BA6-F636EC73EE89}.Release|Any CPU.ActiveCfg = Release|Any CPU
		{DC3D82D6-6C35-4813-8BA6-F636EC73EE89}.Release|Any CPU.Build.0 = Release|Any CPU
		{149FE795-4915-417F-9990-40A20F341E10}.Debug|Any CPU.ActiveCfg = Debug|Any CPU
		{149FE795-4915-417F-9990-40A20F341E10}.Debug|Any CPU.Build.0 = Debug|Any CPU
		{149FE795-4915-417F-9990-40A20F341E10}.Release|Any CPU.ActiveCfg = Release|Any CPU
		{149FE795-4915-417F-9990-40A20F341E10}.Release|Any CPU.Build.0 = Release|Any CPU
	EndGlobalSection
	GlobalSection(SolutionProperties) = preSolution
		HideSolutionNode = FALSE
	EndGlobalSection
	GlobalSection(ExtensibilityGlobals) = postSolution
		SolutionGuid = {01F4D9CB-4CC2-460F-9B5B-F071BA3A859E}
	EndGlobalSection
EndGlobal
